
Microsoft Visual Studio Solution File, Format Version 10.00
# Visual Studio 2008
Project("{FAE04EC0-301F-11D3-BF4B-00C04F79EFBC}") = "RoomListv2", "RoomListv2\RoomListv2.csproj", "{7DDB0B48-A32E-4D96-9EA1-97E7D4BBB857}"
EndProject
Global
	GlobalSection(SolutionConfigurationPlatforms) = preSolution
		Debug|Any CPU = Debug|Any CPU
		Release|Any CPU = Release|Any CPU
	EndGlobalSection
	GlobalSection(ProjectConfigurationPlatforms) = postSolution
		{7DDB0B48-A32E-4D96-9EA1-97E7D4BBB857}.Debug|Any CPU.ActiveCfg = Debug|Any CPU
		{7DDB0B48-A32E-4D96-9EA1-97E7D4BBB857}.Debug|Any CPU.Build.0 = Debug|Any CPU
		{7DDB0B48-A32E-4D96-9EA1-97E7D4BBB857}.Release|Any CPU.ActiveCfg = Release|Any CPU
		{7DDB0B48-A32E-4D96-9EA1-97E7D4BBB857}.Release|Any CPU.Build.0 = Release|Any CPU
	EndGlobalSection
	GlobalSection(SolutionProperties) = preSolution
		HideSolutionNode = FALSE
	EndGlobalSection
EndGlobal
